{
  "name": "travelmarket-admin",
  "version": "1.0.0",
  "lockfileVersion": 2,
  "requires": true,
  "packages": {
    "": {
      "name": "travelmarket-admin",
      "version": "1.0.0",
      "license": "ISC",
      "dependencies": {
        "angular-paging": "^2.2.2",
        "bower": "^1.8.0",
        "ng-file-upload": "^12.2.12"
      },
      "devDependencies": {}
    },
    "node_modules/angular-paging": {
      "version": "2.2.2",
      "resolved": "https://registry.npmjs.org/angular-paging/-/angular-paging-2.2.2.tgz",
      "integrity": "sha1-cC9XTW0UBpADXqxkOV/jEfeYf7s="
    },
    "node_modules/bower": {
      "version": "1.8.0",
      "resolved": "https://registry.npmjs.org/bower/-/bower-1.8.0.tgz",
      "integrity": "sha1-Vdvr7wrZFVOC2enT5JfBNyNFtEo=",
      "deprecated": "This Bower version has SECURITY BUG THAT ALLOWS TO WRITE TO ARBITRARY FILE ON YOUR COMPUTER when you install malicious package. Please upgrade Bower to at least version 1.8.8 if you don't want to get hacked. More info: https://snyk.io/blog/severe-security-vulnerability-in-bowers-zip-archive-extraction/",
      "bin": {
        "bower": "bin/bower"
      },
      "engines": {
        "node": ">=0.10.0"
      }
    },
    "node_modules/ng-file-upload": {
      "version": "12.2.13",
      "resolved": "https://registry.npmjs.org/ng-file-upload/-/ng-file-upload-12.2.13.tgz",
      "integrity": "sha1-AYAPOHLlJvlTEPhHfpnk8S0NjRQ="
    }
  },
  "dependencies": {
    "angular-paging": {
      "version": "2.2.2",
      "resolved": "https://registry.npmjs.org/angular-paging/-/angular-paging-2.2.2.tgz",
      "integrity": "sha1-cC9XTW0UBpADXqxkOV/jEfeYf7s="
    },
    "bower": {
      "version": "1.8.0",
      "resolved": "https://registry.npmjs.org/bower/-/bower-1.8.0.tgz",
      "integrity": "sha1-Vdvr7wrZFVOC2enT5JfBNyNFtEo="
    },
    "ng-file-upload": {
      "version": "12.2.13",
      "resolved": "https://registry.npmjs.org/ng-file-upload/-/ng-file-upload-12.2.13.tgz",
      "integrity": "sha1-AYAPOHLlJvlTEPhHfpnk8S0NjRQ="
    }
  }
}
